// !$*UTF8*$!
{
	archiveVersion = 1;
	classes = {
	};
	objectVersion = 50;
	objects = {

/* Begin PBXBuildFile section */
		46206E35222819EB00F4C013 /* AppDelegate.swift in Sources */ = {isa = PBXBuildFile; fileRef = 46206E34222819EB00F4C013 /* AppDelegate.swift */; };
		46206E37222819EB00F4C013 /* ViewController.swift in Sources */ = {isa = PBXBuildFile; fileRef = 46206E36222819EB00F4C013 /* ViewController.swift */; };
		46206E3A222819EB00F4C013 /* Main.storyboard in Resources */ = {isa = PBXBuildFile; fileRef = 46206E38222819EB00F4C013 /* Main.storyboard */; };
		46206E3C222819F100F4C013 /* Assets.xcassets in Resources */ = {isa = PBXBuildFile; fileRef = 46206E3B222819F100F4C013 /* Assets.xcassets */; };
		46206E3F222819F100F4C013 /* LaunchScreen.storyboard in Resources */ = {isa = PBXBuildFile; fileRef = 46206E3D222819F100F4C013 /* LaunchScreen.storyboard */; };
		46206E4A222819F100F4C013 /* TravelWishListTests.swift in Sources */ = {isa = PBXBuildFile; fileRef = 46206E49222819F100F4C013 /* TravelWishListTests.swift */; };
		46206E55222819F100F4C013 /* TravelWishListUITests.swift in Sources */ = {isa = PBXBuildFile; fileRef = 46206E54222819F100F4C013 /* TravelWishListUITests.swift */; };
/* End PBXBuildFile section */

/* Begin PBXContainerItemProxy section */
		46206E46222819F100F4C013 /* PBXContainerItemProxy */ = {
			isa = PBXContainerItemProxy;
			containerPortal = 46206E29222819EB00F4C013 /* Project object */;
			proxyType = 1;
			remoteGlobalIDString = 46206E30222819EB00F4C013;
			remoteInfo = TravelWishList;
		};
		46206E51222819F100F4C013 /* PBXContainerItemProxy */ = {
			isa = PBXContainerItemProxy;
			containerPortal = 46206E29222819EB00F4C013 /* Project object */;
			proxyType = 1;
			remoteGlobalIDString = 46206E30222819EB00F4C013;
			remoteInfo = TravelWishList;
		};
/* End PBXContainerItemProxy section */

/* Begin PBXFileReference section */
		46206E31222819EB00F4C013 /* TravelWishList.app */ = {isa = PBXFileReference; explicitFileType = wrapper.application; includeInIndex = 0; path = TravelWishList.app; sourceTree = BUILT_PRODUCTS_DIR; };
		46206E34222819EB00F4C013 /* AppDelegate.swift */ = {isa = PBXFileReference; lastKnownFileType = sourcecode.swift; path = AppDelegate.swift; sourceTree = "<group>"; };
		46206E36222819EB00F4C013 /* ViewController.swift */ = {isa = PBXFileReference; lastKnownFileType = sourcecode.swift; path = ViewController.swift; sourceTree = "<group>"; };
		46206E39222819EB00F4C013 /* Base */ = {isa = PBXFileReference; lastKnownFileType = file.storyboard; name = Base; path = Base.lproj/Main.storyboard; sourceTree = "<group>"; };
		46206E3B222819F100F4C013 /* Assets.xcassets */ = {isa = PBXFileReference; lastKnownFileType = folder.assetcatalog; path = Assets.xcassets; sourceTree = "<group>"; };
		46206E3E222819F100F4C013 /* Base */ = {isa = PBXFileReference; lastKnownFileType = file.storyboard; name = Base; path = Base.lproj/LaunchScreen.storyboard; sourceTree = "<group>"; };
		46206E40222819F100F4C013 /* Info.plist */ = {isa = PBXFileReference; lastKnownFileType = text.plist.xml; path = Info.plist; sourceTree = "<group>"; };
		46206E45222819F100F4C013 /* TravelWishListTests.xctest */ = {isa = PBXFileReference; explicitFileType = wrapper.cfbundle; includeInIndex = 0; path = TravelWishListTests.xctest; sourceTree = BUILT_PRODUCTS_DIR; };
		46206E49222819F100F4C013 /* TravelWishListTests.swift */ = {isa = PBXFileReference; lastKnownFileType = sourcecode.swift; path = TravelWishListTests.swift; sourceTree = "<group>"; };
		46206E4B222819F100F4C013 /* Info.plist */ = {isa = PBXFileReference; lastKnownFileType = text.plist.xml; path = Info.plist; sourceTree = "<group>"; };
		46206E50222819F100F4C013 /* TravelWishListUITests.xctest */ = {isa = PBXFileReference; explicitFileType = wrapper.cfbundle; includeInIndex = 0; path = TravelWishListUITests.xctest; sourceTree = BUILT_PRODUCTS_DIR; };
		46206E54222819F100F4C013 /* TravelWishListUITests.swift */ = {isa = PBXFileReference; lastKnownFileType = sourcecode.swift; path = TravelWishListUITests.swift; sourceTree = "<group>"; };
		46206E56222819F100F4C013 /* Info.plist */ = {isa = PBXFileReference; lastKnownFileType = text.plist.xml; path = Info.plist; sourceTree = "<group>"; };
/* End PBXFileReference section */

/* Begin PBXFrameworksBuildPhase section */
		46206E2E222819EB00F4C013 /* Frameworks */ = {
			isa = PBXFrameworksBuildPhase;
			buildActionMask = 2147483647;
			files = (
			);
			runOnlyForDeploymentPostprocessing = 0;
		};
		46206E42222819F100F4C013 /* Frameworks */ = {
			isa = PBXFrameworksBuildPhase;
			buildActionMask = 2147483647;
			files = (
			);
			runOnlyForDeploymentPostprocessing = 0;
		};
		46206E4D222819F100F4C013 /* Frameworks */ = {
			isa = PBXFrameworksBuildPhase;
			buildActionMask = 2147483647;
			files = (
			);
			runOnlyForDeploymentPostprocessing = 0;
		};
/* End PBXFrameworksBuildPhase section */

/* Begin PBXGroup section */
		46206E28222819EB00F4C013 = {
			isa = PBXGroup;
			children = (
				46206E33222819EB00F4C013 /* TravelWishList */,
				46206E48222819F100F4C013 /* TravelWishListTests */,
				46206E53222819F100F4C013 /* TravelWishListUITests */,
				46206E32222819EB00F4C013 /* Products */,
			);
			sourceTree = "<group>";
		};
		46206E32222819EB00F4C013 /* Products */ = {
			isa = PBXGroup;
			children = (
				46206E31222819EB00F4C013 /* TravelWishList.app */,
				46206E45222819F100F4C013 /* TravelWishListTests.xctest */,
				46206E50222819F100F4C013 /* TravelWishListUITests.xctest */,
			);
			name = Products;
			sourceTree = "<group>";
		};
		46206E33222819EB00F4C013 /* TravelWishList */ = {
			isa = PBXGroup;
			children = (
				46206E34222819EB00F4C013 /* AppDelegate.swift */,
				46206E36222819EB00F4C013 /* ViewController.swift */,
				46206E38222819EB00F4C013 /* Main.storyboard */,
				46206E3B222819F100F4C013 /* Assets.xcassets */,
				46206E3D222819F100F4C013 /* LaunchScreen.storyboard */,
				46206E40222819F100F4C013 /* Info.plist */,
			);
			path = TravelWishList;
			sourceTree = "<group>";
		};
		46206E48222819F100F4C013 /* TravelWishListTests */ = {
			isa = PBXGroup;
			children = (
				46206E49222819F100F4C013 /* TravelWishListTests.swift */,
				46206E4B222819F100F4C013 /* Info.plist */,
			);
			path = TravelWishListTests;
			sourceTree = "<group>";
		};
		46206E53222819F100F4C013 /* TravelWishListUITests */ = {
			isa = PBXGroup;
			children = (
				46206E54222819F100F4C013 /* TravelWishListUITests.swift */,
				46206E56222819F100F4C013 /* Info.plist */,
			);
			path = TravelWishListUITests;
			sourceTree = "<group>";
		};
/* End PBXGroup section */

/* Begin PBXNativeTarget section */
		46206E30222819EB00F4C013 /* TravelWishList */ = {
			isa = PBXNativeTarget;
			buildConfigurationList = 46206E59222819F100F4C013 /* Build configuration list for PBXNativeTarget "TravelWishList" */;
			buildPhases = (
				46206E2D222819EB00F4C013 /* Sources */,
				46206E2E222819EB00F4C013 /* Frameworks */,
				46206E2F222819EB00F4C013 /* Resources */,
			);
			buildRules = (
			);
			dependencies = (
			);
			name = TravelWishList;
			productName = TravelWishList;
			productReference = 46206E31222819EB00F4C013 /* TravelWishList.app */;
			productType = "com.apple.product-type.application";
		};
		46206E44222819F100F4C013 /* TravelWishListTests */ = {
			isa = PBXNativeTarget;
			buildConfigurationList = 46206E5C222819F100F4C013 /* Build configuration list for PBXNativeTarget "TravelWishListTests" */;
			buildPhases = (
				46206E41222819F100F4C013 /* Sources */,
				46206E42222819F100F4C013 /* Frameworks */,
				46206E43222819F100F4C013 /* Resources */,
			);
			buildRules = (
			);
			dependencies = (
				46206E47222819F100F4C013 /* PBXTargetDependency */,
			);
			name = TravelWishListTests;
			productName = TravelWishListTests;
			productReference = 46206E45222819F100F4C013 /* TravelWishListTests.xctest */;
			productType = "com.apple.product-type.bundle.unit-test";
		};
		46206E4F222819F100F4C013 /* TravelWishListUITests */ = {
			isa = PBXNativeTarget;
			buildConfigurationList = 46206E5F222819F100F4C013 /* Build configuration list for PBXNativeTarget "TravelWishListUITests" */;
			buildPhases = (
				46206E4C222819F100F4C013 /* Sources */,
				46206E4D222819F100F4C013 /* Frameworks */,
				46206E4E222819F100F4C013 /* Resources */,
			);
			buildRules = (
			);
			dependencies = (
				46206E52222819F100F4C013 /* PBXTargetDependency */,
			);
			name = TravelWishListUITests;
			productName = TravelWishListUITests;
			productReference = 46206E50222819F100F4C013 /* TravelWishListUITests.xctest */;
			productType = "com.apple.product-type.bundle.ui-testing";
		};
/* End PBXNativeTarget section */

/* Begin PBXProject section */
		46206E29222819EB00F4C013 /* Project object */ = {
			isa = PBXProject;
			attributes = {
				LastSwiftUpdateCheck = 1010;
				LastUpgradeCheck = 1010;
				ORGANIZATIONNAME = Cara;
				TargetAttributes = {
					46206E30222819EB00F4C013 = {
						CreatedOnToolsVersion = 10.1;
					};
					46206E44222819F100F4C013 = {
						CreatedOnToolsVersion = 10.1;
						TestTargetID = 46206E30222819EB00F4C013;
					};
					46206E4F222819F100F4C013 = {
						CreatedOnToolsVersion = 10.1;
						TestTargetID = 46206E30222819EB00F4C013;
					};
				};
			};
			buildConfigurationList = 46206E2C222819EB00F4C013 /* Build configuration list for PBXProject "TravelWishList" */;
			compatibilityVersion = "Xcode 9.3";
			developmentRegion = en;
			hasScannedForEncodings = 0;
			knownRegions = (
				en,
				Base,
			);
			mainGroup = 46206E28222819EB00F4C013;
			productRefGroup = 46206E32222819EB00F4C013 /* Products */;
			projectDirPath = "";
			projectRoot = "";
			targets = (
				46206E30222819EB00F4C013 /* TravelWishList */,
				46206E44222819F100F4C013 /* TravelWishListTests */,
				46206E4F222819F100F4C013 /* TravelWishListUITests */,
			);
		};
/* End PBXProject section */

/* Begin PBXResourcesBuildPhase section */
		46206E2F222819EB00F4C013 /* Resources */ = {
			isa = PBXResourcesBuildPhase;
			buildActionMask = 2147483647;
			files = (
				46206E3F222819F100F4C013 /* LaunchScreen.storyboard in Resources */,
				46206E3C222819F100F4C013 /* Assets.xcassets in Resources */,
				46206E3A222819EB00F4C013 /* Main.storyboard in Resources */,
			);
			runOnlyForDeploymentPostprocessing = 0;
		};
		46206E43222819F100F4C013 /* Resources */ = {
			isa = PBXResourcesBuildPhase;
			buildActionMask = 2147483647;
			files = (
			);
			runOnlyForDeploymentPostprocessing = 0;
		};
		46206E4E222819F100F4C013 /* Resources */ = {
			isa = PBXResourcesBuildPhase;
			buildActionMask = 2147483647;
			files = (
			);
			runOnlyForDeploymentPostprocessing = 0;
		};
/* End PBXResourcesBuildPhase section */

/* Begin PBXSourcesBuildPhase section */
		46206E2D222819EB00F4C013 /* Sources */ = {
			isa = PBXSourcesBuildPhase;
			buildActionMask = 2147483647;
			files = (
				46206E37222819EB00F4C013 /* ViewController.swift in Sources */,
				46206E35222819EB00F4C013 /* AppDelegate.swift in Sources */,
			);
			runOnlyForDeploymentPostprocessing = 0;
		};
		46206E41222819F100F4C013 /* Sources */ = {
			isa = PBXSourcesBuildPhase;
			buildActionMask = 2147483647;
			files = (
				46206E4A222819F100F4C013 /* TravelWishListTests.swift in Sources */,
			);
			runOnlyForDeploymentPostprocessing = 0;
		};
		46206E4C222819F100F4C013 /* Sources */ = {
			isa = PBXSourcesBuildPhase;
			buildActionMask = 2147483647;
			files = (
				46206E55222819F100F4C013 /* TravelWishListUITests.swift in Sources */,
			);
			runOnlyForDeploymentPostprocessing = 0;
		};
/* End PBXSourcesBuildPhase section */

/* Begin PBXTargetDependency section */
		46206E47222819F100F4C013 /* PBXTargetDependency */ = {
			isa = PBXTargetDependency;
			target = 46206E30222819EB00F4C013 /* TravelWishList */;
			targetProxy = 46206E46222819F100F4C013 /* PBXContainerItemProxy */;
		};
		46206E52222819F100F4C013 /* PBXTargetDependency */ = {
			isa = PBXTargetDependency;
			target = 46206E30222819EB00F4C013 /* TravelWishList */;
			targetProxy = 46206E51222819F100F4C013 /* PBXContainerItemProxy */;
		};
/* End PBXTargetDependency section */

/* Begin PBXVariantGroup section */
		46206E38222819EB00F4C013 /* Main.storyboard */ = {
			isa = PBXVariantGroup;
			children = (
				46206E39222819EB00F4C013 /* Base */,
			);
			name = Main.storyboard;
			sourceTree = "<group>";
		};
		46206E3D222819F100F4C013 /* LaunchScreen.storyboard */ = {
			isa = PBXVariantGroup;
			children = (
				46206E3E222819F100F4C013 /* Base */,
			);
			name = LaunchScreen.storyboard;
			sourceTree = "<group>";
		};
/* End PBXVariantGroup section */

/* Begin XCBuildConfiguration section */
		46206E57222819F100F4C013 /* Debug */ = {
			isa = XCBuildConfiguration;
			buildSettings = {
				ALWAYS_SEARCH_USER_PATHS = NO;
				CLANG_ANALYZER_NONNULL = YES;
				CLANG_ANALYZER_NUMBER_OBJECT_CONVERSION = YES_AGGRESSIVE;
				CLANG_CXX_LANGUAGE_STANDARD = "gnu++14";
				CLANG_CXX_LIBRARY = "libc++";
				CLANG_ENABLE_MODULES = YES;
				CLANG_ENABLE_OBJC_ARC = YES;
				CLANG_ENABLE_OBJC_WEAK = YES;
				CLANG_WARN_BLOCK_CAPTURE_AUTORELEASING = YES;
				CLANG_WARN_BOOL_CONVERSION = YES;
				CLANG_WARN_COMMA = YES;
				CLANG_WARN_CONSTANT_CONVERSION = YES;
				CLANG_WARN_DEPRECATED_OBJC_IMPLEMENTATIONS = YES;
				CLANG_WARN_DIRECT_OBJC_ISA_USAGE = YES_ERROR;
				CLANG_WARN_DOCUMENTATION_COMMENTS = YES;
				CLANG_WARN_EMPTY_BODY = YES;
				CLANG_WARN_ENUM_CONVERSION = YES;
				CLANG_WARN_INFINITE_RECURSION = YES;
				CLANG_WARN_INT_CONVERSION = YES;
				CLANG_WARN_NON_LITERAL_NULL_CONVERSION = YES;
				CLANG_WARN_OBJC_IMPLICIT_RETAIN_SELF = YES;
				CLANG_WARN_OBJC_LITERAL_CONVERSION = YES;
				CLANG_WARN_OBJC_ROOT_CLASS = YES_ERROR;
				CLANG_WARN_RANGE_LOOP_ANALYSIS = YES;
				CLANG_WARN_STRICT_PROTOTYPES = YES;
				CLANG_WARN_SUSPICIOUS_MOVE = YES;
				CLANG_WARN_UNGUARDED_AVAILABILITY = YES_AGGRESSIVE;
				CLANG_WARN_UNREACHABLE_CODE = YES;
				CLANG_WARN__DUPLICATE_METHOD_MATCH = YES;
				CODE_SIGN_IDENTITY = "iPhone Developer";
				COPY_PHASE_STRIP = NO;
				DEBUG_INFORMATION_FORMAT = dwarf;
				ENABLE_STRICT_OBJC_MSGSEND = YES;
				ENABLE_TESTABILITY = YES;
				GCC_C_LANGUAGE_STANDARD = gnu11;
				GCC_DYNAMIC_NO_PIC = NO;
				GCC_NO_COMMON_BLOCKS = YES;
				GCC_OPTIMIZATION_LEVEL = 0;
				GCC_PREPROCESSOR_DEFINITIONS = (
					"DEBUG=1",
					"$(inherited)",
				);
				GCC_WARN_64_TO_32_BIT_CONVERSION = YES;
				GCC_WARN_ABOUT_RETURN_TYPE = YES_ERROR;
				GCC_WARN_UNDECLARED_SELECTOR = YES;
				GCC_WARN_UNINITIALIZED_AUTOS = YES_AGGRESSIVE;
				GCC_WARN_UNUSED_FUNCTION = YES;
				GCC_WARN_UNUSED_VARIABLE = YES;
				IPHONEOS_DEPLOYMENT_TARGET = 12.1;
				MTL_ENABLE_DEBUG_INFO = INCLUDE_SOURCE;
				MTL_FAST_MATH = YES;
				ONLY_ACTIVE_ARCH = YES;
				SDKROOT = iphoneos;
				SWIFT_ACTIVE_COMPILATION_CONDITIONS = DEBUG;
				SWIFT_OPTIMIZATION_LEVEL = "-Onone";
			};
			name = Debug;
		};
		46206E58222819F100F4C013 /* Release */ = {
			isa = XCBuildConfiguration;
			buildSettings = {
				ALWAYS_SEARCH_USER_PATHS = NO;
				CLANG_ANALYZER_NONNULL = YES;
				CLANG_ANALYZER_NUMBER_OBJECT_CONVERSION = YES_AGGRESSIVE;
				CLANG_CXX_LANGUAGE_STANDARD = "gnu++14";
				CLANG_CXX_LIBRARY = "libc++";
				CLANG_ENABLE_MODULES = YES;
				CLANG_ENABLE_OBJC_ARC = YES;
				CLANG_ENABLE_OBJC_WEAK = YES;
				CLANG_WARN_BLOCK_CAPTURE_AUTORELEASING = YES;
				CLANG_WARN_BOOL_CONVERSION = YES;
				CLANG_WARN_COMMA = YES;
				CLANG_WARN_CONSTANT_CONVERSION = YES;
				CLANG_WARN_DEPRECATED_OBJC_IMPLEMENTATIONS = YES;
				CLANG_WARN_DIRECT_OBJC_ISA_USAGE = YES_ERROR;
				CLANG_WARN_DOCUMENTATION_COMMENTS = YES;
				CLANG_WARN_EMPTY_BODY = YES;
				CLANG_WARN_ENUM_CONVERSION = YES;
				CLANG_WARN_INFINITE_RECURSION = YES;
				CLANG_WARN_INT_CONVERSION = YES;
				CLANG_WARN_NON_LITERAL_NULL_CONVERSION = YES;
				CLANG_WARN_OBJC_IMPLICIT_RETAIN_SELF = YES;
				CLANG_WARN_OBJC_LITERAL_CONVERSION = YES;
				CLANG_WARN_OBJC_ROOT_CLASS = YES_ERROR;
				CLANG_WARN_RANGE_LOOP_ANALYSIS = YES;
				CLANG_WARN_STRICT_PROTOTYPES = YES;
				CLANG_WARN_SUSPICIOUS_MOVE = YES;
				CLANG_WARN_UNGUARDED_AVAILABILITY = YES_AGGRESSIVE;
				CLANG_WARN_UNREACHABLE_CODE = YES;
				CLANG_WARN__DUPLICATE_METHOD_MATCH = YES;
				CODE_SIGN_IDENTITY = "iPhone Developer";
				COPY_PHASE_STRIP = NO;
				DEBUG_INFORMATION_FORMAT = "dwarf-with-dsym";
				ENABLE_NS_ASSERTIONS = NO;
				ENABLE_STRICT_OBJC_MSGSEND = YES;
				GCC_C_LANGUAGE_STANDARD = gnu11;
				GCC_NO_COMMON_BLOCKS = YES;
				GCC_WARN_64_TO_32_BIT_CONVERSION = YES;
				GCC_WARN_ABOUT_RETURN_TYPE = YES_ERROR;
				GCC_WARN_UNDECLARED_SELECTOR = YES;
				GCC_WARN_UNINITIALIZED_AUTOS = YES_AGGRESSIVE;
				GCC_WARN_UNUSED_FUNCTION = YES;
				GCC_WARN_UNUSED_VARIABLE = YES;
				IPHONEOS_DEPLOYMENT_TARGET = 12.1;
				MTL_ENABLE_DEBUG_INFO = NO;
				MTL_FAST_MATH = YES;
				SDKROOT = iphoneos;
				SWIFT_COMPILATION_MODE = wholemodule;
				SWIFT_OPTIMIZATION_LEVEL = "-O";
				VALIDATE_PRODUCT = YES;
			};
			name = Release;
		};
		46206E5A222819F100F4C013 /* Debug */ = {
			isa = XCBuildConfiguration;
			buildSettings = {
				ASSETCATALOG_COMPILER_APPICON_NAME = AppIcon;
				CODE_SIGN_STYLE = Automatic;
				DEVELOPMENT_TEAM = 38C47QG4QC;
				INFOPLIST_FILE = TravelWishList/Info.plist;
				LD_RUNPATH_SEARCH_PATHS = (
					"$(inherited)",
					"@executable_path/Frameworks",
				);
				PRODUCT_BUNDLE_IDENTIFIER = com.cwegs.TravelWishList;
				PRODUCT_NAME = "$(TARGET_NAME)";
				SWIFT_VERSION = 4.2;
				TARGETED_DEVICE_FAMILY = "1,2";
			};
			name = Debug;
		};
		46206E5B222819F100F4C013 /* Release */ = {
			isa = XCBuildConfiguration;
			buildSettings = {
				ASSETCATALOG_COMPILER_APPICON_NAME = AppIcon;
				CODE_SIGN_STYLE = Automatic;
				DEVELOPMENT_TEAM = 38C47QG4QC;
				INFOPLIST_FILE = TravelWishList/Info.plist;
				LD_RUNPATH_SEARCH_PATHS = (
					"$(inherited)",
					"@executable_path/Frameworks",
				);
				PRODUCT_BUNDLE_IDENTIFIER = com.cwegs.TravelWishList;
				PRODUCT_NAME = "$(TARGET_NAME)";
				SWIFT_VERSION = 4.2;
				TARGETED_DEVICE_FAMILY = "1,2";
			};
			name = Release;
		};
		46206E5D222819F100F4C013 /* Debug */ = {
			isa = XCBuildConfiguration;
			buildSettings = {
				ALWAYS_EMBED_SWIFT_STANDARD_LIBRARIES = YES;
				BUNDLE_LOADER = "$(TEST_HOST)";
				CODE_SIGN_STYLE = Automatic;
				DEVELOPMENT_TEAM = 38C47QG4QC;
				INFOPLIST_FILE = TravelWishListTests/Info.plist;
				LD_RUNPATH_SEARCH_PATHS = (
					"$(inherited)",
					"@executable_path/Frameworks",
					"@loader_path/Frameworks",
				);
				PRODUCT_BUNDLE_IDENTIFIER = com.cwegs.TravelWishListTests;
				PRODUCT_NAME = "$(TARGET_NAME)";
				SWIFT_VERSION = 4.2;
				TARGETED_DEVICE_FAMILY = "1,2";
				TEST_HOST = "$(BUILT_PRODUCTS_DIR)/TravelWishList.app/TravelWishList";
			};
			name = Debug;
		};
		46206E5E222819F100F4C013 /* Release */ = {
			isa = XCBuildConfiguration;
			buildSettings = {
				ALWAYS_EMBED_SWIFT_STANDARD_LIBRARIES = YES;
				BUNDLE_LOADER = "$(TEST_HOST)";
				CODE_SIGN_STYLE = Automatic;
				DEVELOPMENT_TEAM = 38C47QG4QC;
				INFOPLIST_FILE = TravelWishListTests/Info.plist;
				LD_RUNPATH_SEARCH_PATHS = (
					"$(inherited)",
					"@executable_path/Frameworks",
					"@loader_path/Frameworks",
				);
				PRODUCT_BUNDLE_IDENTIFIER = com.cwegs.TravelWishListTests;
				PRODUCT_NAME = "$(TARGET_NAME)";
				SWIFT_VERSION = 4.2;
				TARGETED_DEVICE_FAMILY = "1,2";
				TEST_HOST = "$(BUILT_PRODUCTS_DIR)/TravelWishList.app/TravelWishList";
			};
			name = Release;
		};
		46206E60222819F100F4C013 /* Debug */ = {
			isa = XCBuildConfiguration;
			buildSettings = {
				ALWAYS_EMBED_SWIFT_STANDARD_LIBRARIES = YES;
				CODE_SIGN_STYLE = Automatic;
				DEVELOPMENT_TEAM = 38C47QG4QC;
				INFOPLIST_FILE = TravelWishListUITests/Info.plist;
				LD_RUNPATH_SEARCH_PATHS = (
					"$(inherited)",
					"@executable_path/Frameworks",
					"@loader_path/Frameworks",
				);
				PRODUCT_BUNDLE_IDENTIFIER = com.cwegs.TravelWishListUITests;
				PRODUCT_NAME = "$(TARGET_NAME)";
				SWIFT_VERSION = 4.2;
				TARGETED_DEVICE_FAMILY = "1,2";
				TEST_TARGET_NAME = TravelWishList;
			};
			name = Debug;
		};
		46206E61222819F100F4C013 /* Release */ = {
			isa = XCBuildConfiguration;
			buildSettings = {
				ALWAYS_EMBED_SWIFT_STANDARD_LIBRARIES = YES;
				CODE_SIGN_STYLE = Automatic;
				DEVELOPMENT_TEAM = 38C47QG4QC;
				INFOPLIST_FILE = TravelWishListUITests/Info.plist;
				LD_RUNPATH_SEARCH_PATHS = (
					"$(inherited)",
					"@executable_path/Frameworks",
					"@loader_path/Frameworks",
				);
				PRODUCT_BUNDLE_IDENTIFIER = com.cwegs.TravelWishListUITests;
				PRODUCT_NAME = "$(TARGET_NAME)";
				SWIFT_VERSION = 4.2;
				TARGETED_DEVICE_FAMILY = "1,2";
				TEST_TARGET_NAME = TravelWishList;
			};
			name = Release;
		};
/* End XCBuildConfiguration section */

/* Begin XCConfigurationList section */
		46206E2C222819EB00F4C013 /* Build configuration list for PBXProject "TravelWishList" */ = {
			isa = XCConfigurationList;
			buildConfigurations = (
				46206E57222819F100F4C013 /* Debug */,
				46206E58222819F100F4C013 /* Release */,
			);
			defaultConfigurationIsVisible = 0;
			defaultConfigurationName = Release;
		};
		46206E59222819F100F4C013 /* Build configuration list for PBXNativeTarget "TravelWishList" */ = {
			isa = XCConfigurationList;
			buildConfigurations = (
				46206E5A222819F100F4C013 /* Debug */,
				46206E5B222819F100F4C013 /* Release */,
			);
			defaultConfigurationIsVisible = 0;
			defaultConfigurationName = Release;
		};
		46206E5C222819F100F4C013 /* Build configuration list for PBXNativeTarget "TravelWishListTests" */ = {
			isa = XCConfigurationList;
			buildConfigurations = (
				46206E5D222819F100F4C013 /* Debug */,
				46206E5E222819F100F4C013 /* Release */,
			);
			defaultConfigurationIsVisible = 0;
			defaultConfigurationName = Release;
		};
		46206E5F222819F100F4C013 /* Build configuration list for PBXNativeTarget "TravelWishListUITests" */ = {
			isa = XCConfigurationList;
			buildConfigurations = (
				46206E60222819F100F4C013 /* Debug */,
				46206E61222819F100F4C013 /* Release */,
			);
			defaultConfigurationIsVisible = 0;
			defaultConfigurationName = Release;
		};
/* End XCConfigurationList section */
	};
	rootObject = 46206E29222819EB00F4C013 /* Project object */;
}
